version = 1
revision = 3
requires-python = ">=3.12"

[[package]]
name = "chrome"
version = "0.1.0"
source = { virtual = "." }
dependencies = [
    { name = "lief" },
]

[package.metadata]
requires-dist = [{ name = "lief", specifier = ">=0.17.1" }]

[[package]]
name = "lief"
version = "0.17.1"
source = { registry = "https://pypi.org/simple" }
wheels = [
    { url = "https://files.pythonhosted.org/packages/ad/90/09ab478d99c2a7dc5f5b82beee777e13257477eb1c123820778fa8acb66a/lief-0.17.1-cp312-cp312-macosx_11_0_arm64.whl", hash = "sha256:48a8d96e0132323cca4d065f2767db5c30cc80ebcf13ced387db2b1f743a0d1c", size = 2993876, upload-time = "2025-10-25T13:14:51.501Z" },
    { url = "https://files.pythonhosted.org/packages/e5/f5/b0fa0504adad771c92ba9e01c715054708ef408abe948cb711e36e60a44f/lief-0.17.1-cp312-cp312-macosx_11_0_x86_64.whl", hash = "sha256:a89bc93808e870341067252b349bdc98135f006456b0bead99f5544ccb627ff7", size = 3106973, upload-time = "2025-10-25T13:14:54.868Z" },
    { url = "https://files.pythonhosted.org/packages/c7/4c/ede797fdaaffd77028c6eddac21f2bb23ea6cfbef7578cda3c1624559d3b/lief-0.17.1-cp312-cp312-manylinux2014_aarch64.whl", hash = "sha256:629e92ec77ce7d1c6842f89ee155c61b70aefc02477b9d579da0a5c274aaf84c", size = 3669706, upload-time = "2025-10-25T13:14:57.987Z" },
    { url = "https://files.pythonhosted.org/packages/4d/25/301afca668eab4429d6cda399907c1a47241a2770398eb2ddd761463ab6d/lief-0.17.1-cp312-cp312-manylinux_2_28_i686.whl", hash = "sha256:594bb50ab54c3ad280c57bb9b34f8f13137952db36709a2cd925558eaad268d4", size = 3501905, upload-time = "2025-10-25T13:15:00.797Z" },
    { url = "https://files.pythonhosted.org/packages/b1/f8/9dcc8225c3ab39561509f9bf9c94d541e61c624a3509b54d65b1cf987ab6/lief-0.17.1-cp312-cp312-manylinux_2_28_x86_64.whl", hash = "sha256:b204c1f0dfeb820c7982fe40924cd147bc11b1c598d27acddb1ba64a5c653f1b", size = 3405030, upload-time = "2025-10-25T13:15:03.491Z" },
    { url = "https://files.pythonhosted.org/packages/0e/14/acdf8d9a3f4c0f6c32ed13facfe52366628b075435277f53c9e56105b090/lief-0.17.1-cp312-cp312-musllinux_1_2_aarch64.whl", hash = "sha256:d9c07ca8e8c2b0d72281fb5e52568b95e893a7d6fb0a84c4af3c58cc10b73892", size = 3591310, upload-time = "2025-10-25T13:15:06.349Z" },
    { url = "https://files.pythonhosted.org/packages/db/a8/bd51d2a7c1bcf2dff9f7336b07466db9e8af1c924a7def5770450a624082/lief-0.17.1-cp312-cp312-musllinux_1_2_i686.whl", hash = "sha256:9657541b8e7a43cd0fc52300cacc1a5e1d2023eec4a1929554493932e630e7b1", size = 3958475, upload-time = "2025-10-25T13:15:08.514Z" },
    { url = "https://files.pythonhosted.org/packages/c3/97/d4b9f0015b2b489687053df503224789dd881c2998817811e520e19811e7/lief-0.17.1-cp312-cp312-musllinux_1_2_x86_64.whl", hash = "sha256:479bc9464e8c4af1eaeb0faa77d0dd02d57b6d7bd146a73d494443b618ff5043", size = 3705518, upload-time = "2025-10-25T13:15:11.072Z" },
    { url = "https://files.pythonhosted.org/packages/11/bd/9cee7f6233f100ce424d7b5827418ddd2aac2190a2069d34296147f8070d/lief-0.17.1-cp312-cp312-win32.whl", hash = "sha256:86c130a0ec2fc3ebb0a230491fd176aa2f26dc4f87a261932046fe3f6c4fd8a6", size = 3459261, upload-time = "2025-10-25T13:15:12.902Z" },
    { url = "https://files.pythonhosted.org/packages/09/48/e5c04d04c59db2ef370562f52d24e1f03ca0c190c32b4dc3ac01f73ef731/lief-0.17.1-cp312-cp312-win_amd64.whl", hash = "sha256:72cc7c8b2f9f2e1ad19d6b771dc9865f4e3656fd99a057e9b01c02207c9c7e25", size = 3637722, upload-time = "2025-10-25T13:15:15.142Z" },
    { url = "https://files.pythonhosted.org/packages/52/b6/9e5945608391c18c675ba2db3dbbfd09a59d1d5006cc8edfbbf4ccad3432/lief-0.17.1-cp312-cp312-win_arm64.whl", hash = "sha256:9f0b267b0771af1ef9de64e437391282e57009e68d509146ae76de1588da0cbf", size = 3473218, upload-time = "2025-10-25T13:15:16.862Z" },
    { url = "https://files.pythonhosted.org/packages/cd/b3/e9726aca37abf36125cf1503678cf7dc628a38b82cdbaffa81175afa09d3/lief-0.17.1-cp313-cp313-macosx_11_0_arm64.whl", hash = "sha256:dfde4ee44c34affe1fbe25177553deff0d38152d5e98fcf5409ea7f2133e4643", size = 3000642, upload-time = "2025-10-25T13:15:18.483Z" },
    { url = "https://files.pythonhosted.org/packages/b4/3a/6d70ed31450b065425f8c70de546a062ca2fbc70aab378d872e5f127f93c/lief-0.17.1-cp313-cp313-macosx_11_0_x86_64.whl", hash = "sha256:68fff6f4cb32b0cd674cb292e8c9e00bd60d5ccf978da345772c591247ebacd3", size = 3106802, upload-time = "2025-10-25T13:15:20.219Z" },
    { url = "https://files.pythonhosted.org/packages/31/e1/4ebf6fc0722a5792eaad27912443f9f2dd89b932f1a16cc815dcefc997f3/lief-0.17.1-cp313-cp313-manylinux2014_aarch64.whl", hash = "sha256:311a9e785c7681a09ea4b288ce12fe667d353ede1a65e44bda580f209064d7ab", size = 3674232, upload-time = "2025-10-25T13:15:22.376Z" },
    { url = "https://files.pythonhosted.org/packages/b3/f5/e9855762fa36d6525984fc5864e4cc0a060277ce9539d9eb1c9efd3ee52e/lief-0.17.1-cp313-cp313-manylinux_2_28_i686.whl", hash = "sha256:ed967b1155fa55f6d4f7ce6e250c17ae6ab59bf1dc21088f665c6d1b0582eecf", size = 3501766, upload-time = "2025-10-25T13:15:23.894Z" },
    { url = "https://files.pythonhosted.org/packages/db/ef/3b78416a66ddb602030b7b7baed297eb4f55acd31c3fb9d42bbda3ff129d/lief-0.17.1-cp313-cp313-manylinux_2_28_x86_64.whl", hash = "sha256:72d52cceb92886e14c79b0fa62c4ae1fbe70888377b32a708d7f38c3c27447fa", size = 3404670, upload-time = "2025-10-25T13:15:25.961Z" },
    { url = "https://files.pythonhosted.org/packages/dc/28/dc2e94a10fc5d23ca54b94017c117e5dd7231163d4c7a70fc9b3db24d2ea/lief-0.17.1-cp313-cp313-musllinux_1_2_aarch64.whl", hash = "sha256:69eb6fa86c785d17eabbfc780bf319b0a989303f74772f351be2ac4a65f442c4", size = 3592704, upload-time = "2025-10-25T13:15:28.82Z" },
    { url = "https://files.pythonhosted.org/packages/7e/e2/1cf5e401618eaa4295b9763cbed218364889d273e9934b00dc9f2fed2782/lief-0.17.1-cp313-cp313-musllinux_1_2_i686.whl", hash = "sha256:a8421dfd29056675516b1c7f8e84a4e5d0c12fc71f832263feecbade44b70610", size = 3958662, upload-time = "2025-10-25T13:15:30.752Z" },
    { url = "https://files.pythonhosted.org/packages/0e/3d/58b00ada92385f4f1b8aceed5489564552cbfa277f98d751143bd0ae94ad/lief-0.17.1-cp313-cp313-musllinux_1_2_x86_64.whl", hash = "sha256:f9dff0644ed434d679411e31d9b000792f28bdec9f12e699b9adc239edc4d81e", size = 3705611, upload-time = "2025-10-25T13:15:32.629Z" },
    { url = "https://files.pythonhosted.org/packages/99/e6/96ef47c1d1cecb6ea00ba72589d1e1de49a59981c461da020a2a4d028338/lief-0.17.1-cp313-cp313-win32.whl", hash = "sha256:571b830523037efbfb9fcd58707c715ae417e2514e5abb3b03dc67b4c50f47fe", size = 3459075, upload-time = "2025-10-25T13:15:34.723Z" },
    { url = "https://files.pythonhosted.org/packages/29/b6/90960127904fe6120ac76376db72fab88431235e2fce591d2b763de20546/lief-0.17.1-cp313-cp313-win_amd64.whl", hash = "sha256:7ada5acf4d83b5252c5fa46da3ff20c396bcdfa7aeb800c5dd28f8faa6827184", size = 3637804, upload-time = "2025-10-25T13:15:36.823Z" },
    { url = "https://files.pythonhosted.org/packages/2e/7a/4c4b500dfc57e31d4fbe48f9fbb52970265c78d0c8508366957e6d679126/lief-0.17.1-cp313-cp313-win_arm64.whl", hash = "sha256:52fb1bff33cc8e2d3da8a2b426e9f8e5bdb334e351e70bc21b87db374fd4a837", size = 3472733, upload-time = "2025-10-25T13:15:38.957Z" },
    { url = "https://files.pythonhosted.org/packages/61/37/5061da652816cfdecb0380a0e9722c8c12586d0182e8704d93b414461619/lief-0.17.1-cp314-cp314-macosx_11_0_arm64.whl", hash = "sha256:94505d03c63f68a2f740b72e87ae4fc80eff7c5e63c7d09582535888ef676d5c", size = 3000314, upload-time = "2025-10-25T13:15:40.56Z" },
    { url = "https://files.pythonhosted.org/packages/1e/bb/0486aaebdaea9971b96d7c3aa1f7d566243ad9511a1fb735d08b8b2717ed/lief-0.17.1-cp314-cp314-macosx_11_0_x86_64.whl", hash = "sha256:9198f88d3e168dda0c2891f6c343fc2936f8245139ea09683d2726a1b920bdb5", size = 3108946, upload-time = "2025-10-25T13:15:42.014Z" },
    { url = "https://files.pythonhosted.org/packages/97/33/7b2c4c281ef50c73b930fcc62c6b0d7b59f2e7626384b0f481bd47969ac0/lief-0.17.1-cp314-cp314-manylinux2014_aarch64.whl", hash = "sha256:54de530262d7dad925523102bfdbc2ead26aa5ba8819e539ac7373a4ba8868c5", size = 3674227, upload-time = "2025-10-25T13:15:43.851Z" },
    { url = "https://files.pythonhosted.org/packages/e8/1b/856c810b58ae0ec1bb70528a7bd0de948ee305aac65279983f9c90b36bb9/lief-0.17.1-cp314-cp314-manylinux_2_28_i686.whl", hash = "sha256:203019139646cd2be6a43e0f216b1463af2f6cb00c4c8006ccf6c62cb2aa2eda", size = 3501777, upload-time = "2025-10-25T13:15:45.262Z" },
    { url = "https://files.pythonhosted.org/packages/40/db/44ace7c9ee3fb04a4a9fbdb238e3254d5a6e18a4b062d7e7825407ae4d5b/lief-0.17.1-cp314-cp314-manylinux_2_28_x86_64.whl", hash = "sha256:50864f0c57a5702849c662d01c80b1ec030a92867beffb977d264f46fd658c06", size = 3406898, upload-time = "2025-10-25T13:15:47.651Z" },
    { url = "https://files.pythonhosted.org/packages/3e/2e/af4858319460901f2383633e16c027361a8af5b5997b8f56fdf06656916a/lief-0.17.1-cp314-cp314-musllinux_1_2_aarch64.whl", hash = "sha256:616b8eb51f9205a1bc90945487040522573306bfd7a4d0b8f838b61ff060b1a2", size = 3591598, upload-time = "2025-10-25T13:15:49.485Z" },
    { url = "https://files.pythonhosted.org/packages/4a/ba/3d243e001450aafbfbe9271e7065662de2cee4a621109227fa06331d7c11/lief-0.17.1-cp314-cp314-musllinux_1_2_i686.whl", hash = "sha256:770c9fc5852050f3ff5f08d9a702d228114aa27a8385f1d72e2497b73fdecb27", size = 3958244, upload-time = "2025-10-25T13:15:51.288Z" },
    { url = "https://files.pythonhosted.org/packages/be/14/328481f91545f6efa22ca04ef6bc6078447d199c42c752b07ae0c65eda96/lief-0.17.1-cp314-cp314-musllinux_1_2_x86_64.whl", hash = "sha256:f73391aaf3848b81ed130928cba06a239d225de590be1e067701e05fd0b33aae", size = 3707511, upload-time = "2025-10-25T13:15:53.053Z" },
    { url = "https://files.pythonhosted.org/packages/8f/e5/a5452e109c6a55deaa73a49c34130980d99debabe3f37b8d86b67b2fb382/lief-0.17.1-cp314-cp314-win32.whl", hash = "sha256:f610d5937df9de86962733673f1a2b5255931c50b004e614728e83cbb0620057", size = 3459541, upload-time = "2025-10-25T13:15:54.877Z" },
    { url = "https://files.pythonhosted.org/packages/7f/d0/b4c959a340dd391df1f6b4c2958920f9272bc45b6b45f8af657b9377e09b/lief-0.17.1-cp314-cp314-win_amd64.whl", hash = "sha256:3dadb33cad8cf01d78a5eb12fb660ed1a06619f0baade38b606fd151e87436e2", size = 3637731, upload-time = "2025-10-25T13:15:56.644Z" },
]
